// !$*UTF8*$!
{
	archiveVersion = 1;
	classes = {
	};
	objectVersion = 55;
	objects = {

/* Begin PBXBuildFile section */
		86AD1B6F28EDD24C00E6149A /* FirebaseAuthTryoutApp.swift in Sources */ = {isa = PBXBuildFile; fileRef = 86AD1B6E28EDD24C00E6149A /* FirebaseAuthTryoutApp.swift */; };
		86AD1B7128EDD24C00E6149A /* ContentView.swift in Sources */ = {isa = PBXBuildFile; fileRef = 86AD1B7028EDD24C00E6149A /* ContentView.swift */; };
		86AD1B7328EDD24D00E6149A /* Assets.xcassets in Resources */ = {isa = PBXBuildFile; fileRef = 86AD1B7228EDD24D00E6149A /* Assets.xcassets */; };
		86AD1B7628EDD24D00E6149A /* Preview Assets.xcassets in Resources */ = {isa = PBXBuildFile; fileRef = 86AD1B7528EDD24D00E6149A /* Preview Assets.xcassets */; };
		86AD1B7E28EDD29400E6149A /* FirebaseAuth in Frameworks */ = {isa = PBXBuildFile; productRef = 86AD1B7D28EDD29400E6149A /* FirebaseAuth */; };
		86AD1B8028EDD29400E6149A /* FirebaseStorage in Frameworks */ = {isa = PBXBuildFile; productRef = 86AD1B7F28EDD29400E6149A /* FirebaseStorage */; };
		86AD1B8228EDD2DB00E6149A /* GoogleService-Info.plist in Resources */ = {isa = PBXBuildFile; fileRef = 86AD1B8128EDD2DB00E6149A /* GoogleService-Info.plist */; };
		86AD1B8828EDDA6200E6149A /* HomeView.swift in Sources */ = {isa = PBXBuildFile; fileRef = 86AD1B8728EDDA6200E6149A /* HomeView.swift */; };
		86AD1B8C28EDDC4100E6149A /* TabHandling.swift in Sources */ = {isa = PBXBuildFile; fileRef = 86AD1B8B28EDDC4100E6149A /* TabHandling.swift */; };
		86AD1B8E28EDDCB600E6149A /* PersonalQueryView.swift in Sources */ = {isa = PBXBuildFile; fileRef = 86AD1B8D28EDDCB600E6149A /* PersonalQueryView.swift */; };
		86AD1B9028EDDCC300E6149A /* PersonalHistoryView.swift in Sources */ = {isa = PBXBuildFile; fileRef = 86AD1B8F28EDDCC300E6149A /* PersonalHistoryView.swift */; };
		86AD1B9328EF186A00E6149A /* FirebaseFirestore in Frameworks */ = {isa = PBXBuildFile; productRef = 86AD1B9228EF186A00E6149A /* FirebaseFirestore */; };
		86AD1B9828EF1E7600E6149A /* OneHistory.swift in Sources */ = {isa = PBXBuildFile; fileRef = 86AD1B9728EF1E7600E6149A /* OneHistory.swift */; };
		86AD1B9A28EF1FBD00E6149A /* ViewModelPersonalHistory.swift in Sources */ = {isa = PBXBuildFile; fileRef = 86AD1B9928EF1FBD00E6149A /* ViewModelPersonalHistory.swift */; };
		86AD1B9C28F2F56F00E6149A /* FireStoreManager.swift in Sources */ = {isa = PBXBuildFile; fileRef = 86AD1B9B28F2F56E00E6149A /* FireStoreManager.swift */; };
		86AD1B9E28F4355C00E6149A /* README.md in Resources */ = {isa = PBXBuildFile; fileRef = 86AD1B9D28F4355C00E6149A /* README.md */; };
/* End PBXBuildFile section */

/* Begin PBXFileReference section */
		86AD1B6B28EDD24C00E6149A /* FirebaseAuthTryout.app */ = {isa = PBXFileReference; explicitFileType = wrapper.application; includeInIndex = 0; path = FirebaseAuthTryout.app; sourceTree = BUILT_PRODUCTS_DIR; };
		86AD1B6E28EDD24C00E6149A /* FirebaseAuthTryoutApp.swift */ = {isa = PBXFileReference; lastKnownFileType = sourcecode.swift; path = FirebaseAuthTryoutApp.swift; sourceTree = "<group>"; };
		86AD1B7028EDD24C00E6149A /* ContentView.swift */ = {isa = PBXFileReference; lastKnownFileType = sourcecode.swift; path = ContentView.swift; sourceTree = "<group>"; };
		86AD1B7228EDD24D00E6149A /* Assets.xcassets */ = {isa = PBXFileReference; lastKnownFileType = folder.assetcatalog; path = Assets.xcassets; sourceTree = "<group>"; };
		86AD1B7528EDD24D00E6149A /* Preview Assets.xcassets */ = {isa = PBXFileReference; lastKnownFileType = folder.assetcatalog; path = "Preview Assets.xcassets"; sourceTree = "<group>"; };
		86AD1B8128EDD2DB00E6149A /* GoogleService-Info.plist */ = {isa = PBXFileReference; fileEncoding = 4; lastKnownFileType = text.plist.xml; path = "GoogleService-Info.plist"; sourceTree = "<group>"; };
		86AD1B8728EDDA6200E6149A /* HomeView.swift */ = {isa = PBXFileReference; lastKnownFileType = sourcecode.swift; path = HomeView.swift; sourceTree = "<group>"; };
		86AD1B8B28EDDC4100E6149A /* TabHandling.swift */ = {isa = PBXFileReference; lastKnownFileType = sourcecode.swift; path = TabHandling.swift; sourceTree = "<group>"; };
		86AD1B8D28EDDCB600E6149A /* PersonalQueryView.swift */ = {isa = PBXFileReference; lastKnownFileType = sourcecode.swift; path = PersonalQueryView.swift; sourceTree = "<group>"; };
		86AD1B8F28EDDCC300E6149A /* PersonalHistoryView.swift */ = {isa = PBXFileReference; lastKnownFileType = sourcecode.swift; path = PersonalHistoryView.swift; sourceTree = "<group>"; };
		86AD1B9728EF1E7600E6149A /* OneHistory.swift */ = {isa = PBXFileReference; lastKnownFileType = sourcecode.swift; path = OneHistory.swift; sourceTree = "<group>"; };
		86AD1B9928EF1FBD00E6149A /* ViewModelPersonalHistory.swift */ = {isa = PBXFileReference; lastKnownFileType = sourcecode.swift; path = ViewModelPersonalHistory.swift; sourceTree = "<group>"; };
		86AD1B9B28F2F56E00E6149A /* FireStoreManager.swift */ = {isa = PBXFileReference; lastKnownFileType = sourcecode.swift; path = FireStoreManager.swift; sourceTree = "<group>"; };
		86AD1B9D28F4355C00E6149A /* README.md */ = {isa = PBXFileReference; lastKnownFileType = net.daringfireball.markdown; path = README.md; sourceTree = "<group>"; };
/* End PBXFileReference section */

/* Begin PBXFrameworksBuildPhase section */
		86AD1B6828EDD24C00E6149A /* Frameworks */ = {
			isa = PBXFrameworksBuildPhase;
			buildActionMask = 2147483647;
			files = (
				86AD1B7E28EDD29400E6149A /* FirebaseAuth in Frameworks */,
				86AD1B8028EDD29400E6149A /* FirebaseStorage in Frameworks */,
				86AD1B9328EF186A00E6149A /* FirebaseFirestore in Frameworks */,
			);
			runOnlyForDeploymentPostprocessing = 0;
		};
/* End PBXFrameworksBuildPhase section */

/* Begin PBXGroup section */
		86AD1B6228EDD24C00E6149A = {
			isa = PBXGroup;
			children = (
				86AD1B6D28EDD24C00E6149A /* FirebaseAuthTryout */,
				86AD1B6C28EDD24C00E6149A /* Products */,
			);
			sourceTree = "<group>";
		};
		86AD1B6C28EDD24C00E6149A /* Products */ = {
			isa = PBXGroup;
			children = (
				86AD1B6B28EDD24C00E6149A /* FirebaseAuthTryout.app */,
			);
			name = Products;
			sourceTree = "<group>";
		};
		86AD1B6D28EDD24C00E6149A /* FirebaseAuthTryout */ = {
			isa = PBXGroup;
			children = (
				86AD1B7428EDD24D00E6149A /* Preview Content */,
				86AD1B9628EF1DFC00E6149A /* TabHandling */,
				86AD1B8128EDD2DB00E6149A /* GoogleService-Info.plist */,
				86AD1B6E28EDD24C00E6149A /* FirebaseAuthTryoutApp.swift */,
				86AD1B7028EDD24C00E6149A /* ContentView.swift */,
				86AD1B7228EDD24D00E6149A /* Assets.xcassets */,
				86AD1B9D28F4355C00E6149A /* README.md */,
			);
			path = FirebaseAuthTryout;
			sourceTree = "<group>";
		};
		86AD1B7428EDD24D00E6149A /* Preview Content */ = {
			isa = PBXGroup;
			children = (
				86AD1B7528EDD24D00E6149A /* Preview Assets.xcassets */,
			);
			path = "Preview Content";
			sourceTree = "<group>";
		};
		86AD1B9428EF1D6800E6149A /* PersonalQuery */ = {
			isa = PBXGroup;
			children = (
				86AD1B8D28EDDCB600E6149A /* PersonalQueryView.swift */,
				86AD1B9B28F2F56E00E6149A /* FireStoreManager.swift */,
			);
			path = PersonalQuery;
			sourceTree = "<group>";
		};
		86AD1B9528EF1D8600E6149A /* PersonalHistory */ = {
			isa = PBXGroup;
			children = (
				86AD1B8F28EDDCC300E6149A /* PersonalHistoryView.swift */,
				86AD1B9728EF1E7600E6149A /* OneHistory.swift */,
				86AD1B9928EF1FBD00E6149A /* ViewModelPersonalHistory.swift */,
			);
			path = PersonalHistory;
			sourceTree = "<group>";
		};
		86AD1B9628EF1DFC00E6149A /* TabHandling */ = {
			isa = PBXGroup;
			children = (
				86AD1B8B28EDDC4100E6149A /* TabHandling.swift */,
				86AD1B8728EDDA6200E6149A /* HomeView.swift */,
				86AD1B9428EF1D6800E6149A /* PersonalQuery */,
				86AD1B9528EF1D8600E6149A /* PersonalHistory */,
			);
			path = TabHandling;
			sourceTree = "<group>";
		};
/* End PBXGroup section */

/* Begin PBXNativeTarget section */
		86AD1B6A28EDD24C00E6149A /* FirebaseAuthTryout */ = {
			isa = PBXNativeTarget;
			buildConfigurationList = 86AD1B7928EDD24D00E6149A /* Build configuration list for PBXNativeTarget "FirebaseAuthTryout" */;
			buildPhases = (
				86AD1B6728EDD24C00E6149A /* Sources */,
				86AD1B6828EDD24C00E6149A /* Frameworks */,
				86AD1B6928EDD24C00E6149A /* Resources */,
			);
			buildRules = (
			);
			dependencies = (
			);
			name = FirebaseAuthTryout;
			packageProductDependencies = (
				86AD1B7D28EDD29400E6149A /* FirebaseAuth */,
				86AD1B7F28EDD29400E6149A /* FirebaseStorage */,
				86AD1B9228EF186A00E6149A /* FirebaseFirestore */,
			);
			productName = FirebaseAuthTryout;
			productReference = 86AD1B6B28EDD24C00E6149A /* FirebaseAuthTryout.app */;
			productType = "com.apple.product-type.application";
		};
/* End PBXNativeTarget section */

/* Begin PBXProject section */
		86AD1B6328EDD24C00E6149A /* Project object */ = {
			isa = PBXProject;
			attributes = {
				BuildIndependentTargetsInParallel = 1;
				LastSwiftUpdateCheck = 1340;
				LastUpgradeCheck = 1340;
				TargetAttributes = {
					86AD1B6A28EDD24C00E6149A = {
						CreatedOnToolsVersion = 13.4.1;
					};
				};
			};
			buildConfigurationList = 86AD1B6628EDD24C00E6149A /* Build configuration list for PBXProject "FirebaseAuthTryout" */;
			compatibilityVersion = "Xcode 13.0";
			developmentRegion = en;
			hasScannedForEncodings = 0;
			knownRegions = (
				en,
				Base,
			);
			mainGroup = 86AD1B6228EDD24C00E6149A;
			packageReferences = (
				86AD1B7C28EDD29400E6149A /* XCRemoteSwiftPackageReference "firebase-ios-sdk" */,
				86AD1B9128EF186A00E6149A /* XCRemoteSwiftPackageReference "firebase-ios-sdk" */,
			);
			productRefGroup = 86AD1B6C28EDD24C00E6149A /* Products */;
			projectDirPath = "";
			projectRoot = "";
			targets = (
				86AD1B6A28EDD24C00E6149A /* FirebaseAuthTryout */,
			);
		};
/* End PBXProject section */

/* Begin PBXResourcesBuildPhase section */
		86AD1B6928EDD24C00E6149A /* Resources */ = {
			isa = PBXResourcesBuildPhase;
			buildActionMask = 2147483647;
			files = (
				86AD1B7628EDD24D00E6149A /* Preview Assets.xcassets in Resources */,
				86AD1B7328EDD24D00E6149A /* Assets.xcassets in Resources */,
				86AD1B9E28F4355C00E6149A /* README.md in Resources */,
				86AD1B8228EDD2DB00E6149A /* GoogleService-Info.plist in Resources */,
			);
			runOnlyForDeploymentPostprocessing = 0;
		};
/* End PBXResourcesBuildPhase section */

/* Begin PBXSourcesBuildPhase section */
		86AD1B6728EDD24C00E6149A /* Sources */ = {
			isa = PBXSourcesBuildPhase;
			buildActionMask = 2147483647;
			files = (
				86AD1B9028EDDCC300E6149A /* PersonalHistoryView.swift in Sources */,
				86AD1B9828EF1E7600E6149A /* OneHistory.swift in Sources */,
				86AD1B8C28EDDC4100E6149A /* TabHandling.swift in Sources */,
				86AD1B9C28F2F56F00E6149A /* FireStoreManager.swift in Sources */,
				86AD1B9A28EF1FBD00E6149A /* ViewModelPersonalHistory.swift in Sources */,
				86AD1B8828EDDA6200E6149A /* HomeView.swift in Sources */,
				86AD1B7128EDD24C00E6149A /* ContentView.swift in Sources */,
				86AD1B6F28EDD24C00E6149A /* FirebaseAuthTryoutApp.swift in Sources */,
				86AD1B8E28EDDCB600E6149A /* PersonalQueryView.swift in Sources */,
			);
			runOnlyForDeploymentPostprocessing = 0;
		};
/* End PBXSourcesBuildPhase section */

/* Begin XCBuildConfiguration section */
		86AD1B7728EDD24D00E6149A /* Debug */ = {
			isa = XCBuildConfiguration;
			buildSettings = {
				ALWAYS_SEARCH_USER_PATHS = NO;
				CLANG_ANALYZER_NONNULL = YES;
				CLANG_ANALYZER_NUMBER_OBJECT_CONVERSION = YES_AGGRESSIVE;
				CLANG_CXX_LANGUAGE_STANDARD = "gnu++17";
				CLANG_ENABLE_MODULES = YES;
				CLANG_ENABLE_OBJC_ARC = YES;
				CLANG_ENABLE_OBJC_WEAK = YES;
				CLANG_WARN_BLOCK_CAPTURE_AUTORELEASING = YES;
				CLANG_WARN_BOOL_CONVERSION = YES;
				CLANG_WARN_COMMA = YES;
				CLANG_WARN_CONSTANT_CONVERSION = YES;
				CLANG_WARN_DEPRECATED_OBJC_IMPLEMENTATIONS = YES;
				CLANG_WARN_DIRECT_OBJC_ISA_USAGE = YES_ERROR;
				CLANG_WARN_DOCUMENTATION_COMMENTS = YES;
				CLANG_WARN_EMPTY_BODY = YES;
				CLANG_WARN_ENUM_CONVERSION = YES;
				CLANG_WARN_INFINITE_RECURSION = YES;
				CLANG_WARN_INT_CONVERSION = YES;
				CLANG_WARN_NON_LITERAL_NULL_CONVERSION = YES;
				CLANG_WARN_OBJC_IMPLICIT_RETAIN_SELF = YES;
				CLANG_WARN_OBJC_LITERAL_CONVERSION = YES;
				CLANG_WARN_OBJC_ROOT_CLASS = YES_ERROR;
				CLANG_WARN_QUOTED_INCLUDE_IN_FRAMEWORK_HEADER = YES;
				CLANG_WARN_RANGE_LOOP_ANALYSIS = YES;
				CLANG_WARN_STRICT_PROTOTYPES = YES;
				CLANG_WARN_SUSPICIOUS_MOVE = YES;
				CLANG_WARN_UNGUARDED_AVAILABILITY = YES_AGGRESSIVE;
				CLANG_WARN_UNREACHABLE_CODE = YES;
				CLANG_WARN__DUPLICATE_METHOD_MATCH = YES;
				COPY_PHASE_STRIP = NO;
				DEBUG_INFORMATION_FORMAT = dwarf;
				ENABLE_STRICT_OBJC_MSGSEND = YES;
				ENABLE_TESTABILITY = YES;
				GCC_C_LANGUAGE_STANDARD = gnu11;
				GCC_DYNAMIC_NO_PIC = NO;
				GCC_NO_COMMON_BLOCKS = YES;
				GCC_OPTIMIZATION_LEVEL = 0;
				GCC_PREPROCESSOR_DEFINITIONS = (
					"DEBUG=1",
					"$(inherited)",
				);
				GCC_WARN_64_TO_32_BIT_CONVERSION = YES;
				GCC_WARN_ABOUT_RETURN_TYPE = YES_ERROR;
				GCC_WARN_UNDECLARED_SELECTOR = YES;
				GCC_WARN_UNINITIALIZED_AUTOS = YES_AGGRESSIVE;
				GCC_WARN_UNUSED_FUNCTION = YES;
				GCC_WARN_UNUSED_VARIABLE = YES;
				IPHONEOS_DEPLOYMENT_TARGET = 15.5;
				MTL_ENABLE_DEBUG_INFO = INCLUDE_SOURCE;
				MTL_FAST_MATH = YES;
				ONLY_ACTIVE_ARCH = YES;
				SDKROOT = iphoneos;
				SWIFT_ACTIVE_COMPILATION_CONDITIONS = DEBUG;
				SWIFT_OPTIMIZATION_LEVEL = "-Onone";
			};
			name = Debug;
		};
		86AD1B7828EDD24D00E6149A /* Release */ = {
			isa = XCBuildConfiguration;
			buildSettings = {
				ALWAYS_SEARCH_USER_PATHS = NO;
				CLANG_ANALYZER_NONNULL = YES;
				CLANG_ANALYZER_NUMBER_OBJECT_CONVERSION = YES_AGGRESSIVE;
				CLANG_CXX_LANGUAGE_STANDARD = "gnu++17";
				CLANG_ENABLE_MODULES = YES;
				CLANG_ENABLE_OBJC_ARC = YES;
				CLANG_ENABLE_OBJC_WEAK = YES;
				CLANG_WARN_BLOCK_CAPTURE_AUTORELEASING = YES;
				CLANG_WARN_BOOL_CONVERSION = YES;
				CLANG_WARN_COMMA = YES;
				CLANG_WARN_CONSTANT_CONVERSION = YES;
				CLANG_WARN_DEPRECATED_OBJC_IMPLEMENTATIONS = YES;
				CLANG_WARN_DIRECT_OBJC_ISA_USAGE = YES_ERROR;
				CLANG_WARN_DOCUMENTATION_COMMENTS = YES;
				CLANG_WARN_EMPTY_BODY = YES;
				CLANG_WARN_ENUM_CONVERSION = YES;
				CLANG_WARN_INFINITE_RECURSION = YES;
				CLANG_WARN_INT_CONVERSION = YES;
				CLANG_WARN_NON_LITERAL_NULL_CONVERSION = YES;
				CLANG_WARN_OBJC_IMPLICIT_RETAIN_SELF = YES;
				CLANG_WARN_OBJC_LITERAL_CONVERSION = YES;
				CLANG_WARN_OBJC_ROOT_CLASS = YES_ERROR;
				CLANG_WARN_QUOTED_INCLUDE_IN_FRAMEWORK_HEADER = YES;
				CLANG_WARN_RANGE_LOOP_ANALYSIS = YES;
				CLANG_WARN_STRICT_PROTOTYPES = YES;
				CLANG_WARN_SUSPICIOUS_MOVE = YES;
				CLANG_WARN_UNGUARDED_AVAILABILITY = YES_AGGRESSIVE;
				CLANG_WARN_UNREACHABLE_CODE = YES;
				CLANG_WARN__DUPLICATE_METHOD_MATCH = YES;
				COPY_PHASE_STRIP = NO;
				DEBUG_INFORMATION_FORMAT = "dwarf-with-dsym";
				ENABLE_NS_ASSERTIONS = NO;
				ENABLE_STRICT_OBJC_MSGSEND = YES;
				GCC_C_LANGUAGE_STANDARD = gnu11;
				GCC_NO_COMMON_BLOCKS = YES;
				GCC_WARN_64_TO_32_BIT_CONVERSION = YES;
				GCC_WARN_ABOUT_RETURN_TYPE = YES_ERROR;
				GCC_WARN_UNDECLARED_SELECTOR = YES;
				GCC_WARN_UNINITIALIZED_AUTOS = YES_AGGRESSIVE;
				GCC_WARN_UNUSED_FUNCTION = YES;
				GCC_WARN_UNUSED_VARIABLE = YES;
				IPHONEOS_DEPLOYMENT_TARGET = 15.5;
				MTL_ENABLE_DEBUG_INFO = NO;
				MTL_FAST_MATH = YES;
				SDKROOT = iphoneos;
				SWIFT_COMPILATION_MODE = wholemodule;
				SWIFT_OPTIMIZATION_LEVEL = "-O";
				VALIDATE_PRODUCT = YES;
			};
			name = Release;
		};
		86AD1B7A28EDD24D00E6149A /* Debug */ = {
			isa = XCBuildConfiguration;
			buildSettings = {
				ASSETCATALOG_COMPILER_APPICON_NAME = AppIcon;
				ASSETCATALOG_COMPILER_GLOBAL_ACCENT_COLOR_NAME = AccentColor;
				CODE_SIGN_STYLE = Automatic;
				CURRENT_PROJECT_VERSION = 1;
				DEVELOPMENT_ASSET_PATHS = "\"FirebaseAuthTryout/Preview Content\"";
				DEVELOPMENT_TEAM = AV9T77DFX6;
				ENABLE_PREVIEWS = YES;
				GENERATE_INFOPLIST_FILE = YES;
				INFOPLIST_KEY_UIApplicationSceneManifest_Generation = YES;
				INFOPLIST_KEY_UIApplicationSupportsIndirectInputEvents = YES;
				INFOPLIST_KEY_UILaunchScreen_Generation = YES;
				INFOPLIST_KEY_UISupportedInterfaceOrientations_iPad = "UIInterfaceOrientationPortrait UIInterfaceOrientationPortraitUpsideDown UIInterfaceOrientationLandscapeLeft UIInterfaceOrientationLandscapeRight";
				INFOPLIST_KEY_UISupportedInterfaceOrientations_iPhone = "UIInterfaceOrientationPortrait UIInterfaceOrientationLandscapeLeft UIInterfaceOrientationLandscapeRight";
				LD_RUNPATH_SEARCH_PATHS = (
					"$(inherited)",
					"@executable_path/Frameworks",
				);
				MARKETING_VERSION = 1.0;
				PRODUCT_BUNDLE_IDENTIFIER = "Sarah-Berbuir.FirebaseAuthTryout";
				PRODUCT_NAME = "$(TARGET_NAME)";
				SWIFT_EMIT_LOC_STRINGS = YES;
				SWIFT_VERSION = 5.0;
				TARGETED_DEVICE_FAMILY = "1,2";
			};
			name = Debug;
		};
		86AD1B7B28EDD24D00E6149A /* Release */ = {
			isa = XCBuildConfiguration;
			buildSettings = {
				ASSETCATALOG_COMPILER_APPICON_NAME = AppIcon;
				ASSETCATALOG_COMPILER_GLOBAL_ACCENT_COLOR_NAME = AccentColor;
				CODE_SIGN_STYLE = Automatic;
				CURRENT_PROJECT_VERSION = 1;
				DEVELOPMENT_ASSET_PATHS = "\"FirebaseAuthTryout/Preview Content\"";
				DEVELOPMENT_TEAM = AV9T77DFX6;
				ENABLE_PREVIEWS = YES;
				GENERATE_INFOPLIST_FILE = YES;
				INFOPLIST_KEY_UIApplicationSceneManifest_Generation = YES;
				INFOPLIST_KEY_UIApplicationSupportsIndirectInputEvents = YES;
				INFOPLIST_KEY_UILaunchScreen_Generation = YES;
				INFOPLIST_KEY_UISupportedInterfaceOrientations_iPad = "UIInterfaceOrientationPortrait UIInterfaceOrientationPortraitUpsideDown UIInterfaceOrientationLandscapeLeft UIInterfaceOrientationLandscapeRight";
				INFOPLIST_KEY_UISupportedInterfaceOrientations_iPhone = "UIInterfaceOrientationPortrait UIInterfaceOrientationLandscapeLeft UIInterfaceOrientationLandscapeRight";
				LD_RUNPATH_SEARCH_PATHS = (
					"$(inherited)",
					"@executable_path/Frameworks",
				);
				MARKETING_VERSION = 1.0;
				PRODUCT_BUNDLE_IDENTIFIER = "Sarah-Berbuir.FirebaseAuthTryout";
				PRODUCT_NAME = "$(TARGET_NAME)";
				SWIFT_EMIT_LOC_STRINGS = YES;
				SWIFT_VERSION = 5.0;
				TARGETED_DEVICE_FAMILY = "1,2";
			};
			name = Release;
		};
/* End XCBuildConfiguration section */

/* Begin XCConfigurationList section */
		86AD1B6628EDD24C00E6149A /* Build configuration list for PBXProject "FirebaseAuthTryout" */ = {
			isa = XCConfigurationList;
			buildConfigurations = (
				86AD1B7728EDD24D00E6149A /* Debug */,
				86AD1B7828EDD24D00E6149A /* Release */,
			);
			defaultConfigurationIsVisible = 0;
			defaultConfigurationName = Release;
		};
		86AD1B7928EDD24D00E6149A /* Build configuration list for PBXNativeTarget "FirebaseAuthTryout" */ = {
			isa = XCConfigurationList;
			buildConfigurations = (
				86AD1B7A28EDD24D00E6149A /* Debug */,
				86AD1B7B28EDD24D00E6149A /* Release */,
			);
			defaultConfigurationIsVisible = 0;
			defaultConfigurationName = Release;
		};
/* End XCConfigurationList section */

/* Begin XCRemoteSwiftPackageReference section */
		86AD1B7C28EDD29400E6149A /* XCRemoteSwiftPackageReference "firebase-ios-sdk" */ = {
			isa = XCRemoteSwiftPackageReference;
			repositoryURL = "https://github.com/firebase/firebase-ios-sdk.git";
			requirement = {
				kind = upToNextMajorVersion;
				minimumVersion = 9.0.0;
			};
		};
		86AD1B9128EF186A00E6149A /* XCRemoteSwiftPackageReference "firebase-ios-sdk" */ = {
			isa = XCRemoteSwiftPackageReference;
			repositoryURL = "https://github.com/firebase/firebase-ios-sdk.git";
			requirement = {
				kind = upToNextMajorVersion;
				minimumVersion = 9.0.0;
			};
		};
/* End XCRemoteSwiftPackageReference section */

/* Begin XCSwiftPackageProductDependency section */
		86AD1B7D28EDD29400E6149A /* FirebaseAuth */ = {
			isa = XCSwiftPackageProductDependency;
			package = 86AD1B7C28EDD29400E6149A /* XCRemoteSwiftPackageReference "firebase-ios-sdk" */;
			productName = FirebaseAuth;
		};
		86AD1B7F28EDD29400E6149A /* FirebaseStorage */ = {
			isa = XCSwiftPackageProductDependency;
			package = 86AD1B7C28EDD29400E6149A /* XCRemoteSwiftPackageReference "firebase-ios-sdk" */;
			productName = FirebaseStorage;
		};
		86AD1B9228EF186A00E6149A /* FirebaseFirestore */ = {
			isa = XCSwiftPackageProductDependency;
			package = 86AD1B7C28EDD29400E6149A /* XCRemoteSwiftPackageReference "firebase-ios-sdk" */;
			productName = FirebaseFirestore;
		};
/* End XCSwiftPackageProductDependency section */
	};
	rootObject = 86AD1B6328EDD24C00E6149A /* Project object */;
}
